// !$*UTF8*$!
{
	archiveVersion = 1;
	classes = {
	};
	objectVersion = 56;
	objects = {

/* Begin PBXBuildFile section */
		FF7DBAFF2A3833160090D790 /* AppDelegate.swift in Sources */ = {isa = PBXBuildFile; fileRef = FF7DBAFE2A3833160090D790 /* AppDelegate.swift */; };
		FF7DBB012A3833160090D790 /* SceneDelegate.swift in Sources */ = {isa = PBXBuildFile; fileRef = FF7DBB002A3833160090D790 /* SceneDelegate.swift */; };
		FF7DBB032A3833160090D790 /* ViewController.swift in Sources */ = {isa = PBXBuildFile; fileRef = FF7DBB022A3833160090D790 /* ViewController.swift */; };
		FF7DBB062A3833160090D790 /* Main.storyboard in Resources */ = {isa = PBXBuildFile; fileRef = FF7DBB042A3833160090D790 /* Main.storyboard */; };
		FF7DBB092A3833160090D790 /* miniature_sniffle.xcdatamodeld in Sources */ = {isa = PBXBuildFile; fileRef = FF7DBB072A3833160090D790 /* miniature_sniffle.xcdatamodeld */; };
		FF7DBB0B2A3833170090D790 /* Assets.xcassets in Resources */ = {isa = PBXBuildFile; fileRef = FF7DBB0A2A3833170090D790 /* Assets.xcassets */; };
		FF7DBB0E2A3833170090D790 /* LaunchScreen.storyboard in Resources */ = {isa = PBXBuildFile; fileRef = FF7DBB0C2A3833170090D790 /* LaunchScreen.storyboard */; };
		FF7DBB192A3833170090D790 /* miniature_sniffleTests.swift in Sources */ = {isa = PBXBuildFile; fileRef = FF7DBB182A3833170090D790 /* miniature_sniffleTests.swift */; };
		FF7DBB232A3833170090D790 /* miniature_sniffleUITests.swift in Sources */ = {isa = PBXBuildFile; fileRef = FF7DBB222A3833170090D790 /* miniature_sniffleUITests.swift */; };
		FF7DBB252A3833170090D790 /* miniature_sniffleUITestsLaunchTests.swift in Sources */ = {isa = PBXBuildFile; fileRef = FF7DBB242A3833170090D790 /* miniature_sniffleUITestsLaunchTests.swift */; };
/* End PBXBuildFile section */

/* Begin PBXContainerItemProxy section */
		FF7DBB152A3833170090D790 /* PBXContainerItemProxy */ = {
			isa = PBXContainerItemProxy;
			containerPortal = FF7DBAF32A3833160090D790 /* Project object */;
			proxyType = 1;
			remoteGlobalIDString = FF7DBAFA2A3833160090D790;
			remoteInfo = "miniature-sniffle";
		};
		FF7DBB1F2A3833170090D790 /* PBXContainerItemProxy */ = {
			isa = PBXContainerItemProxy;
			containerPortal = FF7DBAF32A3833160090D790 /* Project object */;
			proxyType = 1;
			remoteGlobalIDString = FF7DBAFA2A3833160090D790;
			remoteInfo = "miniature-sniffle";
		};
/* End PBXContainerItemProxy section */

/* Begin PBXFileReference section */
		FF7DBAFB2A3833160090D790 /* miniature-sniffle.app */ = {isa = PBXFileReference; explicitFileType = wrapper.application; includeInIndex = 0; path = "miniature-sniffle.app"; sourceTree = BUILT_PRODUCTS_DIR; };
		FF7DBAFE2A3833160090D790 /* AppDelegate.swift */ = {isa = PBXFileReference; lastKnownFileType = sourcecode.swift; path = AppDelegate.swift; sourceTree = "<group>"; };
		FF7DBB002A3833160090D790 /* SceneDelegate.swift */ = {isa = PBXFileReference; lastKnownFileType = sourcecode.swift; path = SceneDelegate.swift; sourceTree = "<group>"; };
		FF7DBB022A3833160090D790 /* ViewController.swift */ = {isa = PBXFileReference; lastKnownFileType = sourcecode.swift; path = ViewController.swift; sourceTree = "<group>"; };
		FF7DBB052A3833160090D790 /* Base */ = {isa = PBXFileReference; lastKnownFileType = file.storyboard; name = Base; path = Base.lproj/Main.storyboard; sourceTree = "<group>"; };
		FF7DBB082A3833160090D790 /* miniature_sniffle.xcdatamodel */ = {isa = PBXFileReference; lastKnownFileType = wrapper.xcdatamodel; path = miniature_sniffle.xcdatamodel; sourceTree = "<group>"; };
		FF7DBB0A2A3833170090D790 /* Assets.xcassets */ = {isa = PBXFileReference; lastKnownFileType = folder.assetcatalog; path = Assets.xcassets; sourceTree = "<group>"; };
		FF7DBB0D2A3833170090D790 /* Base */ = {isa = PBXFileReference; lastKnownFileType = file.storyboard; name = Base; path = Base.lproj/LaunchScreen.storyboard; sourceTree = "<group>"; };
		FF7DBB0F2A3833170090D790 /* Info.plist */ = {isa = PBXFileReference; lastKnownFileType = text.plist.xml; path = Info.plist; sourceTree = "<group>"; };
		FF7DBB142A3833170090D790 /* miniature-sniffleTests.xctest */ = {isa = PBXFileReference; explicitFileType = wrapper.cfbundle; includeInIndex = 0; path = "miniature-sniffleTests.xctest"; sourceTree = BUILT_PRODUCTS_DIR; };
		FF7DBB182A3833170090D790 /* miniature_sniffleTests.swift */ = {isa = PBXFileReference; lastKnownFileType = sourcecode.swift; path = miniature_sniffleTests.swift; sourceTree = "<group>"; };
		FF7DBB1E2A3833170090D790 /* miniature-sniffleUITests.xctest */ = {isa = PBXFileReference; explicitFileType = wrapper.cfbundle; includeInIndex = 0; path = "miniature-sniffleUITests.xctest"; sourceTree = BUILT_PRODUCTS_DIR; };
		FF7DBB222A3833170090D790 /* miniature_sniffleUITests.swift */ = {isa = PBXFileReference; lastKnownFileType = sourcecode.swift; path = miniature_sniffleUITests.swift; sourceTree = "<group>"; };
		FF7DBB242A3833170090D790 /* miniature_sniffleUITestsLaunchTests.swift */ = {isa = PBXFileReference; lastKnownFileType = sourcecode.swift; path = miniature_sniffleUITestsLaunchTests.swift; sourceTree = "<group>"; };
/* End PBXFileReference section */

/* Begin PBXFrameworksBuildPhase section */
		FF7DBAF82A3833160090D790 /* Frameworks */ = {
			isa = PBXFrameworksBuildPhase;
			buildActionMask = 2147483647;
			files = (
			);
			runOnlyForDeploymentPostprocessing = 0;
		};
		FF7DBB112A3833170090D790 /* Frameworks */ = {
			isa = PBXFrameworksBuildPhase;
			buildActionMask = 2147483647;
			files = (
			);
			runOnlyForDeploymentPostprocessing = 0;
		};
		FF7DBB1B2A3833170090D790 /* Frameworks */ = {
			isa = PBXFrameworksBuildPhase;
			buildActionMask = 2147483647;
			files = (
			);
			runOnlyForDeploymentPostprocessing = 0;
		};
/* End PBXFrameworksBuildPhase section */

/* Begin PBXGroup section */
		FF7DBAF22A3833160090D790 = {
			isa = PBXGroup;
			children = (
				FF7DBAFD2A3833160090D790 /* miniature-sniffle */,
				FF7DBB172A3833170090D790 /* miniature-sniffleTests */,
				FF7DBB212A3833170090D790 /* miniature-sniffleUITests */,
				FF7DBAFC2A3833160090D790 /* Products */,
			);
			sourceTree = "<group>";
		};
		FF7DBAFC2A3833160090D790 /* Products */ = {
			isa = PBXGroup;
			children = (
				FF7DBAFB2A3833160090D790 /* miniature-sniffle.app */,
				FF7DBB142A3833170090D790 /* miniature-sniffleTests.xctest */,
				FF7DBB1E2A3833170090D790 /* miniature-sniffleUITests.xctest */,
			);
			name = Products;
			sourceTree = "<group>";
		};
		FF7DBAFD2A3833160090D790 /* miniature-sniffle */ = {
			isa = PBXGroup;
			children = (
				FF7DBAFE2A3833160090D790 /* AppDelegate.swift */,
				FF7DBB002A3833160090D790 /* SceneDelegate.swift */,
				FF7DBB022A3833160090D790 /* ViewController.swift */,
				FF7DBB042A3833160090D790 /* Main.storyboard */,
				FF7DBB0A2A3833170090D790 /* Assets.xcassets */,
				FF7DBB0C2A3833170090D790 /* LaunchScreen.storyboard */,
				FF7DBB0F2A3833170090D790 /* Info.plist */,
				FF7DBB072A3833160090D790 /* miniature_sniffle.xcdatamodeld */,
			);
			path = "miniature-sniffle";
			sourceTree = "<group>";
		};
		FF7DBB172A3833170090D790 /* miniature-sniffleTests */ = {
			isa = PBXGroup;
			children = (
				FF7DBB182A3833170090D790 /* miniature_sniffleTests.swift */,
			);
			path = "miniature-sniffleTests";
			sourceTree = "<group>";
		};
		FF7DBB212A3833170090D790 /* miniature-sniffleUITests */ = {
			isa = PBXGroup;
			children = (
				FF7DBB222A3833170090D790 /* miniature_sniffleUITests.swift */,
				FF7DBB242A3833170090D790 /* miniature_sniffleUITestsLaunchTests.swift */,
			);
			path = "miniature-sniffleUITests";
			sourceTree = "<group>";
		};
/* End PBXGroup section */

/* Begin PBXNativeTarget section */
		FF7DBAFA2A3833160090D790 /* miniature-sniffle */ = {
			isa = PBXNativeTarget;
			buildConfigurationList = FF7DBB282A3833170090D790 /* Build configuration list for PBXNativeTarget "miniature-sniffle" */;
			buildPhases = (
				FF7DBAF72A3833160090D790 /* Sources */,
				FF7DBAF82A3833160090D790 /* Frameworks */,
				FF7DBAF92A3833160090D790 /* Resources */,
			);
			buildRules = (
			);
			dependencies = (
			);
			name = "miniature-sniffle";
			productName = "miniature-sniffle";
			productReference = FF7DBAFB2A3833160090D790 /* miniature-sniffle.app */;
			productType = "com.apple.product-type.application";
		};
		FF7DBB132A3833170090D790 /* miniature-sniffleTests */ = {
			isa = PBXNativeTarget;
			buildConfigurationList = FF7DBB2B2A3833170090D790 /* Build configuration list for PBXNativeTarget "miniature-sniffleTests" */;
			buildPhases = (
				FF7DBB102A3833170090D790 /* Sources */,
				FF7DBB112A3833170090D790 /* Frameworks */,
				FF7DBB122A3833170090D790 /* Resources */,
			);
			buildRules = (
			);
			dependencies = (
				FF7DBB162A3833170090D790 /* PBXTargetDependency */,
			);
			name = "miniature-sniffleTests";
			productName = "miniature-sniffleTests";
			productReference = FF7DBB142A3833170090D790 /* miniature-sniffleTests.xctest */;
			productType = "com.apple.product-type.bundle.unit-test";
		};
		FF7DBB1D2A3833170090D790 /* miniature-sniffleUITests */ = {
			isa = PBXNativeTarget;
			buildConfigurationList = FF7DBB2E2A3833170090D790 /* Build configuration list for PBXNativeTarget "miniature-sniffleUITests" */;
			buildPhases = (
				FF7DBB1A2A3833170090D790 /* Sources */,
				FF7DBB1B2A3833170090D790 /* Frameworks */,
				FF7DBB1C2A3833170090D790 /* Resources */,
			);
			buildRules = (
			);
			dependencies = (
				FF7DBB202A3833170090D790 /* PBXTargetDependency */,
			);
			name = "miniature-sniffleUITests";
			productName = "miniature-sniffleUITests";
			productReference = FF7DBB1E2A3833170090D790 /* miniature-sniffleUITests.xctest */;
			productType = "com.apple.product-type.bundle.ui-testing";
		};
/* End PBXNativeTarget section */

/* Begin PBXProject section */
		FF7DBAF32A3833160090D790 /* Project object */ = {
			isa = PBXProject;
			attributes = {
				BuildIndependentTargetsInParallel = 1;
				LastSwiftUpdateCheck = 1430;
				LastUpgradeCheck = 1430;
				TargetAttributes = {
					FF7DBAFA2A3833160090D790 = {
						CreatedOnToolsVersion = 14.3;
					};
					FF7DBB132A3833170090D790 = {
						CreatedOnToolsVersion = 14.3;
						TestTargetID = FF7DBAFA2A3833160090D790;
					};
					FF7DBB1D2A3833170090D790 = {
						CreatedOnToolsVersion = 14.3;
						TestTargetID = FF7DBAFA2A3833160090D790;
					};
				};
			};
			buildConfigurationList = FF7DBAF62A3833160090D790 /* Build configuration list for PBXProject "miniature-sniffle" */;
			compatibilityVersion = "Xcode 14.0";
			developmentRegion = en;
			hasScannedForEncodings = 0;
			knownRegions = (
				en,
				Base,
			);
			mainGroup = FF7DBAF22A3833160090D790;
			productRefGroup = FF7DBAFC2A3833160090D790 /* Products */;
			projectDirPath = "";
			projectRoot = "";
			targets = (
				FF7DBAFA2A3833160090D790 /* miniature-sniffle */,
				FF7DBB132A3833170090D790 /* miniature-sniffleTests */,
				FF7DBB1D2A3833170090D790 /* miniature-sniffleUITests */,
			);
		};
/* End PBXProject section */

/* Begin PBXResourcesBuildPhase section */
		FF7DBAF92A3833160090D790 /* Resources */ = {
			isa = PBXResourcesBuildPhase;
			buildActionMask = 2147483647;
			files = (
				FF7DBB0E2A3833170090D790 /* LaunchScreen.storyboard in Resources */,
				FF7DBB0B2A3833170090D790 /* Assets.xcassets in Resources */,
				FF7DBB062A3833160090D790 /* Main.storyboard in Resources */,
			);
			runOnlyForDeploymentPostprocessing = 0;
		};
		FF7DBB122A3833170090D790 /* Resources */ = {
			isa = PBXResourcesBuildPhase;
			buildActionMask = 2147483647;
			files = (
			);
			runOnlyForDeploymentPostprocessing = 0;
		};
		FF7DBB1C2A3833170090D790 /* Resources */ = {
			isa = PBXResourcesBuildPhase;
			buildActionMask = 2147483647;
			files = (
			);
			runOnlyForDeploymentPostprocessing = 0;
		};
/* End PBXResourcesBuildPhase section */

/* Begin PBXSourcesBuildPhase section */
		FF7DBAF72A3833160090D790 /* Sources */ = {
			isa = PBXSourcesBuildPhase;
			buildActionMask = 2147483647;
			files = (
				FF7DBB032A3833160090D790 /* ViewController.swift in Sources */,
				FF7DBAFF2A3833160090D790 /* AppDelegate.swift in Sources */,
				FF7DBB092A3833160090D790 /* miniature_sniffle.xcdatamodeld in Sources */,
				FF7DBB012A3833160090D790 /* SceneDelegate.swift in Sources */,
			);
			runOnlyForDeploymentPostprocessing = 0;
		};
		FF7DBB102A3833170090D790 /* Sources */ = {
			isa = PBXSourcesBuildPhase;
			buildActionMask = 2147483647;
			files = (
				FF7DBB192A3833170090D790 /* miniature_sniffleTests.swift in Sources */,
			);
			runOnlyForDeploymentPostprocessing = 0;
		};
		FF7DBB1A2A3833170090D790 /* Sources */ = {
			isa = PBXSourcesBuildPhase;
			buildActionMask = 2147483647;
			files = (
				FF7DBB232A3833170090D790 /* miniature_sniffleUITests.swift in Sources */,
				FF7DBB252A3833170090D790 /* miniature_sniffleUITestsLaunchTests.swift in Sources */,
			);
			runOnlyForDeploymentPostprocessing = 0;
		};
/* End PBXSourcesBuildPhase section */

/* Begin PBXTargetDependency section */
		FF7DBB162A3833170090D790 /* PBXTargetDependency */ = {
			isa = PBXTargetDependency;
			target = FF7DBAFA2A3833160090D790 /* miniature-sniffle */;
			targetProxy = FF7DBB152A3833170090D790 /* PBXContainerItemProxy */;
		};
		FF7DBB202A3833170090D790 /* PBXTargetDependency */ = {
			isa = PBXTargetDependency;
			target = FF7DBAFA2A3833160090D790 /* miniature-sniffle */;
			targetProxy = FF7DBB1F2A3833170090D790 /* PBXContainerItemProxy */;
		};
/* End PBXTargetDependency section */

/* Begin PBXVariantGroup section */
		FF7DBB042A3833160090D790 /* Main.storyboard */ = {
			isa = PBXVariantGroup;
			children = (
				FF7DBB052A3833160090D790 /* Base */,
			);
			name = Main.storyboard;
			sourceTree = "<group>";
		};
		FF7DBB0C2A3833170090D790 /* LaunchScreen.storyboard */ = {
			isa = PBXVariantGroup;
			children = (
				FF7DBB0D2A3833170090D790 /* Base */,
			);
			name = LaunchScreen.storyboard;
			sourceTree = "<group>";
		};
/* End PBXVariantGroup section */

/* Begin XCBuildConfiguration section */
		FF7DBB262A3833170090D790 /* Debug */ = {
			isa = XCBuildConfiguration;
			buildSettings = {
				ALWAYS_SEARCH_USER_PATHS = NO;
				CLANG_ANALYZER_NONNULL = YES;
				CLANG_ANALYZER_NUMBER_OBJECT_CONVERSION = YES_AGGRESSIVE;
				CLANG_CXX_LANGUAGE_STANDARD = "gnu++20";
				CLANG_ENABLE_MODULES = YES;
				CLANG_ENABLE_OBJC_ARC = YES;
				CLANG_ENABLE_OBJC_WEAK = YES;
				CLANG_WARN_BLOCK_CAPTURE_AUTORELEASING = YES;
				CLANG_WARN_BOOL_CONVERSION = YES;
				CLANG_WARN_COMMA = YES;
				CLANG_WARN_CONSTANT_CONVERSION = YES;
				CLANG_WARN_DEPRECATED_OBJC_IMPLEMENTATIONS = YES;
				CLANG_WARN_DIRECT_OBJC_ISA_USAGE = YES_ERROR;
				CLANG_WARN_DOCUMENTATION_COMMENTS = YES;
				CLANG_WARN_EMPTY_BODY = YES;
				CLANG_WARN_ENUM_CONVERSION = YES;
				CLANG_WARN_INFINITE_RECURSION = YES;
				CLANG_WARN_INT_CONVERSION = YES;
				CLANG_WARN_NON_LITERAL_NULL_CONVERSION = YES;
				CLANG_WARN_OBJC_IMPLICIT_RETAIN_SELF = YES;
				CLANG_WARN_OBJC_LITERAL_CONVERSION = YES;
				CLANG_WARN_OBJC_ROOT_CLASS = YES_ERROR;
				CLANG_WARN_QUOTED_INCLUDE_IN_FRAMEWORK_HEADER = YES;
				CLANG_WARN_RANGE_LOOP_ANALYSIS = YES;
				CLANG_WARN_STRICT_PROTOTYPES = YES;
				CLANG_WARN_SUSPICIOUS_MOVE = YES;
				CLANG_WARN_UNGUARDED_AVAILABILITY = YES_AGGRESSIVE;
				CLANG_WARN_UNREACHABLE_CODE = YES;
				CLANG_WARN__DUPLICATE_METHOD_MATCH = YES;
				COPY_PHASE_STRIP = NO;
				DEBUG_INFORMATION_FORMAT = dwarf;
				ENABLE_STRICT_OBJC_MSGSEND = YES;
				ENABLE_TESTABILITY = YES;
				GCC_C_LANGUAGE_STANDARD = gnu11;
				GCC_DYNAMIC_NO_PIC = NO;
				GCC_NO_COMMON_BLOCKS = YES;
				GCC_OPTIMIZATION_LEVEL = 0;
				GCC_PREPROCESSOR_DEFINITIONS = (
					"DEBUG=1",
					"$(inherited)",
				);
				GCC_WARN_64_TO_32_BIT_CONVERSION = YES;
				GCC_WARN_ABOUT_RETURN_TYPE = YES_ERROR;
				GCC_WARN_UNDECLARED_SELECTOR = YES;
				GCC_WARN_UNINITIALIZED_AUTOS = YES_AGGRESSIVE;
				GCC_WARN_UNUSED_FUNCTION = YES;
				GCC_WARN_UNUSED_VARIABLE = YES;
				IPHONEOS_DEPLOYMENT_TARGET = 16.4;
				MTL_ENABLE_DEBUG_INFO = INCLUDE_SOURCE;
				MTL_FAST_MATH = YES;
				ONLY_ACTIVE_ARCH = YES;
				SDKROOT = iphoneos;
				SWIFT_ACTIVE_COMPILATION_CONDITIONS = DEBUG;
				SWIFT_OPTIMIZATION_LEVEL = "-Onone";
			};
			name = Debug;
		};
		FF7DBB272A3833170090D790 /* Release */ = {
			isa = XCBuildConfiguration;
			buildSettings = {
				ALWAYS_SEARCH_USER_PATHS = NO;
				CLANG_ANALYZER_NONNULL = YES;
				CLANG_ANALYZER_NUMBER_OBJECT_CONVERSION = YES_AGGRESSIVE;
				CLANG_CXX_LANGUAGE_STANDARD = "gnu++20";
				CLANG_ENABLE_MODULES = YES;
				CLANG_ENABLE_OBJC_ARC = YES;
				CLANG_ENABLE_OBJC_WEAK = YES;
				CLANG_WARN_BLOCK_CAPTURE_AUTORELEASING = YES;
				CLANG_WARN_BOOL_CONVERSION = YES;
				CLANG_WARN_COMMA = YES;
				CLANG_WARN_CONSTANT_CONVERSION = YES;
				CLANG_WARN_DEPRECATED_OBJC_IMPLEMENTATIONS = YES;
				CLANG_WARN_DIRECT_OBJC_ISA_USAGE = YES_ERROR;
				CLANG_WARN_DOCUMENTATION_COMMENTS = YES;
				CLANG_WARN_EMPTY_BODY = YES;
				CLANG_WARN_ENUM_CONVERSION = YES;
				CLANG_WARN_INFINITE_RECURSION = YES;
				CLANG_WARN_INT_CONVERSION = YES;
				CLANG_WARN_NON_LITERAL_NULL_CONVERSION = YES;
				CLANG_WARN_OBJC_IMPLICIT_RETAIN_SELF = YES;
				CLANG_WARN_OBJC_LITERAL_CONVERSION = YES;
				CLANG_WARN_OBJC_ROOT_CLASS = YES_ERROR;
				CLANG_WARN_QUOTED_INCLUDE_IN_FRAMEWORK_HEADER = YES;
				CLANG_WARN_RANGE_LOOP_ANALYSIS = YES;
				CLANG_WARN_STRICT_PROTOTYPES = YES;
				CLANG_WARN_SUSPICIOUS_MOVE = YES;
				CLANG_WARN_UNGUARDED_AVAILABILITY = YES_AGGRESSIVE;
				CLANG_WARN_UNREACHABLE_CODE = YES;
				CLANG_WARN__DUPLICATE_METHOD_MATCH = YES;
				COPY_PHASE_STRIP = NO;
				DEBUG_INFORMATION_FORMAT = "dwarf-with-dsym";
				ENABLE_NS_ASSERTIONS = NO;
				ENABLE_STRICT_OBJC_MSGSEND = YES;
				GCC_C_LANGUAGE_STANDARD = gnu11;
				GCC_NO_COMMON_BLOCKS = YES;
				GCC_WARN_64_TO_32_BIT_CONVERSION = YES;
				GCC_WARN_ABOUT_RETURN_TYPE = YES_ERROR;
				GCC_WARN_UNDECLARED_SELECTOR = YES;
				GCC_WARN_UNINITIALIZED_AUTOS = YES_AGGRESSIVE;
				GCC_WARN_UNUSED_FUNCTION = YES;
				GCC_WARN_UNUSED_VARIABLE = YES;
				IPHONEOS_DEPLOYMENT_TARGET = 16.4;
				MTL_ENABLE_DEBUG_INFO = NO;
				MTL_FAST_MATH = YES;
				SDKROOT = iphoneos;
				SWIFT_COMPILATION_MODE = wholemodule;
				SWIFT_OPTIMIZATION_LEVEL = "-O";
				VALIDATE_PRODUCT = YES;
			};
			name = Release;
		};
		FF7DBB292A3833170090D790 /* Debug */ = {
			isa = XCBuildConfiguration;
			buildSettings = {
				ASSETCATALOG_COMPILER_APPICON_NAME = AppIcon;
				ASSETCATALOG_COMPILER_GLOBAL_ACCENT_COLOR_NAME = AccentColor;
				CODE_SIGN_STYLE = Automatic;
				CURRENT_PROJECT_VERSION = 1;
				GENERATE_INFOPLIST_FILE = YES;
				INFOPLIST_FILE = "miniature-sniffle/Info.plist";
				INFOPLIST_KEY_UIApplicationSupportsIndirectInputEvents = YES;
				INFOPLIST_KEY_UILaunchStoryboardName = LaunchScreen;
				INFOPLIST_KEY_UIMainStoryboardFile = Main;
				INFOPLIST_KEY_UISupportedInterfaceOrientations_iPad = "UIInterfaceOrientationPortrait UIInterfaceOrientationPortraitUpsideDown UIInterfaceOrientationLandscapeLeft UIInterfaceOrientationLandscapeRight";
				INFOPLIST_KEY_UISupportedInterfaceOrientations_iPhone = "UIInterfaceOrientationPortrait UIInterfaceOrientationLandscapeLeft UIInterfaceOrientationLandscapeRight";
				LD_RUNPATH_SEARCH_PATHS = (
					"$(inherited)",
					"@executable_path/Frameworks",
				);
				MARKETING_VERSION = 1.0;
				PRODUCT_BUNDLE_IDENTIFIER = "crissycancode.miniature-sniffle";
				PRODUCT_NAME = "$(TARGET_NAME)";
				SWIFT_EMIT_LOC_STRINGS = YES;
				SWIFT_VERSION = 5.0;
				TARGETED_DEVICE_FAMILY = "1,2";
			};
			name = Debug;
		};
		FF7DBB2A2A3833170090D790 /* Release */ = {
			isa = XCBuildConfiguration;
			buildSettings = {
				ASSETCATALOG_COMPILER_APPICON_NAME = AppIcon;
				ASSETCATALOG_COMPILER_GLOBAL_ACCENT_COLOR_NAME = AccentColor;
				CODE_SIGN_STYLE = Automatic;
				CURRENT_PROJECT_VERSION = 1;
				GENERATE_INFOPLIST_FILE = YES;
				INFOPLIST_FILE = "miniature-sniffle/Info.plist";
				INFOPLIST_KEY_UIApplicationSupportsIndirectInputEvents = YES;
				INFOPLIST_KEY_UILaunchStoryboardName = LaunchScreen;
				INFOPLIST_KEY_UIMainStoryboardFile = Main;
				INFOPLIST_KEY_UISupportedInterfaceOrientations_iPad = "UIInterfaceOrientationPortrait UIInterfaceOrientationPortraitUpsideDown UIInterfaceOrientationLandscapeLeft UIInterfaceOrientationLandscapeRight";
				INFOPLIST_KEY_UISupportedInterfaceOrientations_iPhone = "UIInterfaceOrientationPortrait UIInterfaceOrientationLandscapeLeft UIInterfaceOrientationLandscapeRight";
				LD_RUNPATH_SEARCH_PATHS = (
					"$(inherited)",
					"@executable_path/Frameworks",
				);
				MARKETING_VERSION = 1.0;
				PRODUCT_BUNDLE_IDENTIFIER = "crissycancode.miniature-sniffle";
				PRODUCT_NAME = "$(TARGET_NAME)";
				SWIFT_EMIT_LOC_STRINGS = YES;
				SWIFT_VERSION = 5.0;
				TARGETED_DEVICE_FAMILY = "1,2";
			};
			name = Release;
		};
		FF7DBB2C2A3833170090D790 /* Debug */ = {
			isa = XCBuildConfiguration;
			buildSettings = {
				ALWAYS_EMBED_SWIFT_STANDARD_LIBRARIES = YES;
				BUNDLE_LOADER = "$(TEST_HOST)";
				CODE_SIGN_STYLE = Automatic;
				CURRENT_PROJECT_VERSION = 1;
				GENERATE_INFOPLIST_FILE = YES;
				IPHONEOS_DEPLOYMENT_TARGET = 16.4;
				MARKETING_VERSION = 1.0;
				PRODUCT_BUNDLE_IDENTIFIER = "crissycancode.miniature-sniffleTests";
				PRODUCT_NAME = "$(TARGET_NAME)";
				SWIFT_EMIT_LOC_STRINGS = NO;
				SWIFT_VERSION = 5.0;
				TARGETED_DEVICE_FAMILY = "1,2";
				TEST_HOST = "$(BUILT_PRODUCTS_DIR)/miniature-sniffle.app/$(BUNDLE_EXECUTABLE_FOLDER_PATH)/miniature-sniffle";
			};
			name = Debug;
		};
		FF7DBB2D2A3833170090D790 /* Release */ = {
			isa = XCBuildConfiguration;
			buildSettings = {
				ALWAYS_EMBED_SWIFT_STANDARD_LIBRARIES = YES;
				BUNDLE_LOADER = "$(TEST_HOST)";
				CODE_SIGN_STYLE = Automatic;
				CURRENT_PROJECT_VERSION = 1;
				GENERATE_INFOPLIST_FILE = YES;
				IPHONEOS_DEPLOYMENT_TARGET = 16.4;
				MARKETING_VERSION = 1.0;
				PRODUCT_BUNDLE_IDENTIFIER = "crissycancode.miniature-sniffleTests";
				PRODUCT_NAME = "$(TARGET_NAME)";
				SWIFT_EMIT_LOC_STRINGS = NO;
				SWIFT_VERSION = 5.0;
				TARGETED_DEVICE_FAMILY = "1,2";
				TEST_HOST = "$(BUILT_PRODUCTS_DIR)/miniature-sniffle.app/$(BUNDLE_EXECUTABLE_FOLDER_PATH)/miniature-sniffle";
			};
			name = Release;
		};
		FF7DBB2F2A3833170090D790 /* Debug */ = {
			isa = XCBuildConfiguration;
			buildSettings = {
				ALWAYS_EMBED_SWIFT_STANDARD_LIBRARIES = YES;
				"CODE_SIGN_IDENTITY[sdk=macosx*]" = "-";
				CODE_SIGN_STYLE = Automatic;
				CURRENT_PROJECT_VERSION = 1;
				GENERATE_INFOPLIST_FILE = YES;
				MARKETING_VERSION = 1.0;
				PRODUCT_BUNDLE_IDENTIFIER = "crissycancode.miniature-sniffleUITests";
				PRODUCT_NAME = "$(TARGET_NAME)";
				SWIFT_EMIT_LOC_STRINGS = NO;
				SWIFT_VERSION = 5.0;
				TARGETED_DEVICE_FAMILY = "1,2";
				TEST_TARGET_NAME = "miniature-sniffle";
			};
			name = Debug;
		};
		FF7DBB302A3833170090D790 /* Release */ = {
			isa = XCBuildConfiguration;
			buildSettings = {
				ALWAYS_EMBED_SWIFT_STANDARD_LIBRARIES = YES;
				"CODE_SIGN_IDENTITY[sdk=macosx*]" = "-";
				CODE_SIGN_STYLE = Automatic;
				CURRENT_PROJECT_VERSION = 1;
				GENERATE_INFOPLIST_FILE = YES;
				MARKETING_VERSION = 1.0;
				PRODUCT_BUNDLE_IDENTIFIER = "crissycancode.miniature-sniffleUITests";
				PRODUCT_NAME = "$(TARGET_NAME)";
				SWIFT_EMIT_LOC_STRINGS = NO;
				SWIFT_VERSION = 5.0;
				TARGETED_DEVICE_FAMILY = "1,2";
				TEST_TARGET_NAME = "miniature-sniffle";
			};
			name = Release;
		};
/* End XCBuildConfiguration section */

/* Begin XCConfigurationList section */
		FF7DBAF62A3833160090D790 /* Build configuration list for PBXProject "miniature-sniffle" */ = {
			isa = XCConfigurationList;
			buildConfigurations = (
				FF7DBB262A3833170090D790 /* Debug */,
				FF7DBB272A3833170090D790 /* Release */,
			);
			defaultConfigurationIsVisible = 0;
			defaultConfigurationName = Release;
		};
		FF7DBB282A3833170090D790 /* Build configuration list for PBXNativeTarget "miniature-sniffle" */ = {
			isa = XCConfigurationList;
			buildConfigurations = (
				FF7DBB292A3833170090D790 /* Debug */,
				FF7DBB2A2A3833170090D790 /* Release */,
			);
			defaultConfigurationIsVisible = 0;
			defaultConfigurationName = Release;
		};
		FF7DBB2B2A3833170090D790 /* Build configuration list for PBXNativeTarget "miniature-sniffleTests" */ = {
			isa = XCConfigurationList;
			buildConfigurations = (
				FF7DBB2C2A3833170090D790 /* Debug */,
				FF7DBB2D2A3833170090D790 /* Release */,
			);
			defaultConfigurationIsVisible = 0;
			defaultConfigurationName = Release;
		};
		FF7DBB2E2A3833170090D790 /* Build configuration list for PBXNativeTarget "miniature-sniffleUITests" */ = {
			isa = XCConfigurationList;
			buildConfigurations = (
				FF7DBB2F2A3833170090D790 /* Debug */,
				FF7DBB302A3833170090D790 /* Release */,
			);
			defaultConfigurationIsVisible = 0;
			defaultConfigurationName = Release;
		};
/* End XCConfigurationList section */

/* Begin XCVersionGroup section */
		FF7DBB072A3833160090D790 /* miniature_sniffle.xcdatamodeld */ = {
			isa = XCVersionGroup;
			children = (
				FF7DBB082A3833160090D790 /* miniature_sniffle.xcdatamodel */,
			);
			currentVersion = FF7DBB082A3833160090D790 /* miniature_sniffle.xcdatamodel */;
			path = miniature_sniffle.xcdatamodeld;
			sourceTree = "<group>";
			versionGroupType = wrapper.xcdatamodel;
		};
/* End XCVersionGroup section */
	};
	rootObject = FF7DBAF32A3833160090D790 /* Project object */;
}
